
Microsoft Visual Studio Solution File, Format Version 12.00
# Visual Studio Version 16
VisualStudioVersion = 16.0.31702.278
MinimumVisualStudioVersion = 10.0.40219.1
Project("{FAE04EC0-301F-11D3-BF4B-00C04F79EFBC}") = "Billboards", "Billboards\Billboards.csproj", "{29269578-BF76-4484-B2B8-3C32067FEEDA}"
EndProject
Global
	GlobalSection(SolutionConfigurationPlatforms) = preSolution
		Debug|Any CPU = Debug|Any CPU
		Release|Any CPU = Release|Any CPU
	EndGlobalSection
	GlobalSection(ProjectConfigurationPlatforms) = postSolution
		{29269578-BF76-4484-B2B8-3C32067FEEDA}.Debug|Any CPU.ActiveCfg = Debug|Any CPU
		{29269578-BF76-4484-B2B8-3C32067FEEDA}.Debug|Any CPU.Build.0 = Debug|Any CPU
		{29269578-BF76-4484-B2B8-3C32067FEEDA}.Release|Any CPU.ActiveCfg = Release|Any CPU
		{29269578-BF76-4484-B2B8-3C32067FEEDA}.Release|Any CPU.Build.0 = Release|Any CPU
	EndGlobalSection
	GlobalSection(SolutionProperties) = preSolution
		HideSolutionNode = FALSE
	EndGlobalSection
	GlobalSection(ExtensibilityGlobals) = postSolution
		SolutionGuid = {90A8E5FA-B848-4BB6-999E-E6A2C1F95C72}
	EndGlobalSection
EndGlobal
